dependencies:
- name: common
  repository: https://charts.bitnami.com/bitnami
  version: 2.39.0
- name: backstage
  repository: file://./vendor/backstage/charts/backstage/
  version: 2.6.3
digest: sha256:72537b50e8af150e928e176ff5502ade393cc1d9a1830e6f769c6e3d0317b0f5
generated: "2026-05-04T18:12:07.014567061Z"
