dependencies:
- name: common
  repository: https://charts.bitnami.com/bitnami
  version: 2.40.0
- name: backstage
  repository: file://./vendor/backstage/charts/backstage/
  version: 2.10.0
digest: sha256:9cd4d082d86ac4e2aff208143974e75c5ac7acbe33337d0a56a32ca8c639fffa
generated: "2026-08-24T03:20:17.732756047Z"
