dependencies:
- name: common
  repository: https://charts.bitnami.com/bitnami
  version: 2.41.0
- name: backstage
  repository: file://./vendor/backstage/charts/backstage/
  version: 2.8.0
digest: sha256:a4c7dcda21c5277e1c8083ba0583f7d57d9ee47c80d72a69dcdcad078545d89d
generated: "2026-06-29T19:43:39.508900039Z"
