dependencies:
- name: common
  repository: https://charts.bitnami.com/bitnami
  version: 2.41.0
- name: postgresql
  repository: oci://registry-1.docker.io/bitnamicharts
  version: 18.12.4
digest: sha256:f416277bc02f21f648611f2fa3364aa907ac3da16d0c7c0b518ead789bf74863
generated: "2026-10-05T15:08:42.898163423Z"
