dependencies:
- name: common
  repository: https://charts.bitnami.com/bitnami
  version: 2.40.0
- name: postgresql
  repository: oci://registry-1.docker.io/bitnamicharts
  version: 18.8.13
digest: sha256:ceab996d1ddf127871f1975743379290cb8c4abfe29ec4b16926dc9ed08139a2
generated: "2026-08-26T07:08:07.21672461Z"
