dependencies:
- name: common
  repository: https://charts.bitnami.com/bitnami
  version: 2.41.0
- name: postgresql
  repository: oci://registry-1.docker.io/bitnamicharts
  version: 18.12.0
digest: sha256:81ef8fc2ad6460f5ce2bcd4859d2479325687b88d33a2954c3ff2d91fe984fda
generated: "2026-09-24T14:20:00.387286145Z"
